
Microsoft Visual Studio Solution File, Format Version 12.00
# Visual Studio Version 17
VisualStudioVersion = 17.13.35913.81 d17.13
MinimumVisualStudioVersion = 10.0.40219.1
Project("{FAE04EC0-301F-11D3-BF4B-00C04F79EFBC}") = "highest_number_in_list", "highest_number_in_list\highest_number_in_list.csproj", "{4D2C58E8-CD82-4F37-A33A-01C8C0070812}"
EndProject
Global
	GlobalSection(SolutionConfigurationPlatforms) = preSolution
		Debug|Any CPU = Debug|Any CPU
		Release|Any CPU = Release|Any CPU
	EndGlobalSection
	GlobalSection(ProjectConfigurationPlatforms) = postSolution
		{4D2C58E8-CD82-4F37-A33A-01C8C0070812}.Debug|Any CPU.ActiveCfg = Debug|Any CPU
		{4D2C58E8-CD82-4F37-A33A-01C8C0070812}.Debug|Any CPU.Build.0 = Debug|Any CPU
		{4D2C58E8-CD82-4F37-A33A-01C8C0070812}.Release|Any CPU.ActiveCfg = Release|Any CPU
		{4D2C58E8-CD82-4F37-A33A-01C8C0070812}.Release|Any CPU.Build.0 = Release|Any CPU
	EndGlobalSection
	GlobalSection(SolutionProperties) = preSolution
		HideSolutionNode = FALSE
	EndGlobalSection
	GlobalSection(ExtensibilityGlobals) = postSolution
		SolutionGuid = {1A769715-A3A9-4414-A849-AD9EB72CCBB2}
	EndGlobalSection
EndGlobal
